
Microsoft Visual Studio Solution File, Format Version 12.00
# Visual Studio Version 17
VisualStudioVersion = 17.5.002.0
MinimumVisualStudioVersion = 10.0.40219.1
Project("{9A19103F-16F7-4668-BE54-9A1E7A4F7556}") = "MultiRusa", "MultiRusa.csproj", "{148FA418-51C7-4A94-BB12-692FF4199BDB}"
EndProject
Global
	GlobalSection(SolutionConfigurationPlatforms) = preSolution
		Debug|Any CPU = Debug|Any CPU
		Release|Any CPU = Release|Any CPU
	EndGlobalSection
	GlobalSection(ProjectConfigurationPlatforms) = postSolution
		{148FA418-51C7-4A94-BB12-692FF4199BDB}.Debug|Any CPU.ActiveCfg = Debug|Any CPU
		{148FA418-51C7-4A94-BB12-692FF4199BDB}.Debug|Any CPU.Build.0 = Debug|Any CPU
		{148FA418-51C7-4A94-BB12-692FF4199BDB}.Release|Any CPU.ActiveCfg = Release|Any CPU
		{148FA418-51C7-4A94-BB12-692FF4199BDB}.Release|Any CPU.Build.0 = Release|Any CPU
	EndGlobalSection
	GlobalSection(SolutionProperties) = preSolution
		HideSolutionNode = FALSE
	EndGlobalSection
	GlobalSection(ExtensibilityGlobals) = postSolution
		SolutionGuid = {B28EBD70-14B1-4813-806C-4CE5ECCCFE92}
	EndGlobalSection
EndGlobal
